
Microsoft Visual Studio Solution File, Format Version 12.00
# Visual Studio Version 17
VisualStudioVersion = 17.14.36811.4
MinimumVisualStudioVersion = 10.0.40219.1
Project("{2150E333-8FDC-42A3-9474-1A3956D46DE8}") = "Task0", "Task0", "{02EA681E-C7D8-13C7-8484-4AC65E1B71E8}"
EndProject
Project("{FAE04EC0-301F-11D3-BF4B-00C04F79EFBC}") = "Tyuiu.PyrkinAA.Sprint2.Task0.V30", "Tyuiu.PyrkinAA.Sprint2.Task0.V30\Tyuiu.PyrkinAA.Sprint2.Task0.V30.csproj", "{21557EE7-8075-4B41-96C4-236AADB20830}"
EndProject
Project("{FAE04EC0-301F-11D3-BF4B-00C04F79EFBC}") = "Tyuiu.PyrkinAA.Sprint2.Task0.V30.Lib", "Tyuiu.PyrkinAA.Sprint2.Task0.V30.Lib\Tyuiu.PyrkinAA.Sprint2.Task0.V30.Lib.csproj", "{870A9ACD-6F14-4B5C-A382-94E98BAB99A9}"
EndProject
Project("{FAE04EC0-301F-11D3-BF4B-00C04F79EFBC}") = "Tyuiu.PyrkinAA.Sprint2.Task0.V30.Test", "Tyuiu.PyrkinAA.Sprint2.Task0.V30.Test\Tyuiu.PyrkinAA.Sprint2.Task0.V30.Test.csproj", "{68F0440F-9BE7-4AF5-8C82-27D1797294E7}"
EndProject
Project("{2150E333-8FDC-42A3-9474-1A3956D46DE8}") = "Task1", "Task1", "{1779D31F-55A5-4341-94E9-ECB817A1DB16}"
EndProject
Project("{FAE04EC0-301F-11D3-BF4B-00C04F79EFBC}") = "Tyuiu.PyrkinAA.Sprint2.Task1.V17", "Tyuiu.PyrkinAA.Sprint2.Task1.V17\Tyuiu.PyrkinAA.Sprint2.Task1.V17.csproj", "{0F57FE7B-DE19-4DA6-96FC-546808E07D22}"
EndProject
Project("{FAE04EC0-301F-11D3-BF4B-00C04F79EFBC}") = "Tyuiu.PyrkinAA.Sprint2.Task1.V17.Test", "Tyuiu.PyrkinAA.Sprint2.Task1.V17.Test\Tyuiu.PyrkinAA.Sprint2.Task1.V17.Test.csproj", "{C42C483E-A38E-4F5B-85EE-5CCDE739EFA4}"
EndProject
Project("{FAE04EC0-301F-11D3-BF4B-00C04F79EFBC}") = "Tyuiu.PyrkinAA.Sprint2.Task1.V17.Lib", "Tyuiu.PyrkinAA.Sprint2.Task1.V17.Lib\Tyuiu.PyrkinAA.Sprint2.Task1.V17.Lib.csproj", "{459995CE-B9CE-4D19-BA7C-342B3AFE489E}"
EndProject
Project("{2150E333-8FDC-42A3-9474-1A3956D46DE8}") = "Task2", "Task2", "{EF420114-F68A-45F7-8872-CDBB207D9AE7}"
EndProject
Project("{FAE04EC0-301F-11D3-BF4B-00C04F79EFBC}") = "Tyuiu.PyrkinAA.Sprint2.Task2.V8.Lib", "Tyuiu.PyrkinAA.Sprint2.Task2.V8.Lib\Tyuiu.PyrkinAA.Sprint2.Task2.V8.Lib.csproj", "{AC7E85F1-91F8-4133-8914-22624366A3D2}"
EndProject
Project("{FAE04EC0-301F-11D3-BF4B-00C04F79EFBC}") = "Tyuiu.PyrkinAA.Sprint2.Task2.V8.Test", "Tyuiu.PyrkinAA.Sprint2.Task2.V8.Test\Tyuiu.PyrkinAA.Sprint2.Task2.V8.Test.csproj", "{B9992C00-C60D-40DD-B7E1-2F92CC960119}"
EndProject
Project("{FAE04EC0-301F-11D3-BF4B-00C04F79EFBC}") = "Tyuiu.PyrkinAA.Sprint2.Task2.V8", "Tyuiu.PyrkinAA.Sprint2.Task2.V8\Tyuiu.PyrkinAA.Sprint2.Task2.V8.csproj", "{1F802058-B63F-4C26-BCE5-D2A11D7C4D5E}"
EndProject
Project("{2150E333-8FDC-42A3-9474-1A3956D46DE8}") = "Task3", "Task3", "{976FF54A-46E7-4688-AB26-2E1E694F54DB}"
EndProject
Project("{FAE04EC0-301F-11D3-BF4B-00C04F79EFBC}") = "Tyuiu.PyrkinAA.Sprint2.Task3.V14", "Tyuiu.PyrkinAA.Sprint2.Task3.V14\Tyuiu.PyrkinAA.Sprint2.Task3.V14.csproj", "{3089D47B-32FF-45F6-A00E-52229555B8A6}"
EndProject
Project("{FAE04EC0-301F-11D3-BF4B-00C04F79EFBC}") = "Tyuiu.PyrkinAA.Sprint2.Task3.V14.Lib", "Tyuiu.PyrkinAA.Sprint2.Task3.V14.Lib\Tyuiu.PyrkinAA.Sprint2.Task3.V14.Lib.csproj", "{6922362F-454C-4B42-B1DF-5C11B6C83355}"
EndProject
Project("{FAE04EC0-301F-11D3-BF4B-00C04F79EFBC}") = "Tyuiu.PyrkinAA.Sprint2.Task3.V14.Test", "Tyuiu.PyrkinAA.Sprint2.Task3.V14.Test\Tyuiu.PyrkinAA.Sprint2.Task3.V14.Test.csproj", "{2A548036-8D43-4E62-BBB5-3127EA74B28E}"
EndProject
Global
	GlobalSection(SolutionConfigurationPlatforms) = preSolution
		Debug|Any CPU = Debug|Any CPU
		Release|Any CPU = Release|Any CPU
	EndGlobalSection
	GlobalSection(ProjectConfigurationPlatforms) = postSolution
		{21557EE7-8075-4B41-96C4-236AADB20830}.Debug|Any CPU.ActiveCfg = Debug|Any CPU
		{21557EE7-8075-4B41-96C4-236AADB20830}.Debug|Any CPU.Build.0 = Debug|Any CPU
		{21557EE7-8075-4B41-96C4-236AADB20830}.Release|Any CPU.ActiveCfg = Release|Any CPU
		{21557EE7-8075-4B41-96C4-236AADB20830}.Release|Any CPU.Build.0 = Release|Any CPU
		{870A9ACD-6F14-4B5C-A382-94E98BAB99A9}.Debug|Any CPU.ActiveCfg = Debug|Any CPU
		{870A9ACD-6F14-4B5C-A382-94E98BAB99A9}.Debug|Any CPU.Build.0 = Debug|Any CPU
		{870A9ACD-6F14-4B5C-A382-94E98BAB99A9}.Release|Any CPU.ActiveCfg = Release|Any CPU
		{870A9ACD-6F14-4B5C-A382-94E98BAB99A9}.Release|Any CPU.Build.0 = Release|Any CPU
		{68F0440F-9BE7-4AF5-8C82-27D1797294E7}.Debug|Any CPU.ActiveCfg = Debug|Any CPU
		{68F0440F-9BE7-4AF5-8C82-27D1797294E7}.Debug|Any CPU.Build.0 = Debug|Any CPU
		{68F0440F-9BE7-4AF5-8C82-27D1797294E7}.Release|Any CPU.ActiveCfg = Release|Any CPU
		{68F0440F-9BE7-4AF5-8C82-27D1797294E7}.Release|Any CPU.Build.0 = Release|Any CPU
		{0F57FE7B-DE19-4DA6-96FC-546808E07D22}.Debug|Any CPU.ActiveCfg = Debug|Any CPU
		{0F57FE7B-DE19-4DA6-96FC-546808E07D22}.Debug|Any CPU.Build.0 = Debug|Any CPU
		{0F57FE7B-DE19-4DA6-96FC-546808E07D22}.Release|Any CPU.ActiveCfg = Release|Any CPU
		{0F57FE7B-DE19-4DA6-96FC-546808E07D22}.Release|Any CPU.Build.0 = Release|Any CPU
		{C42C483E-A38E-4F5B-85EE-5CCDE739EFA4}.Debug|Any CPU.ActiveCfg = Debug|Any CPU
		{C42C483E-A38E-4F5B-85EE-5CCDE739EFA4}.Debug|Any CPU.Build.0 = Debug|Any CPU
		{C42C483E-A38E-4F5B-85EE-5CCDE739EFA4}.Release|Any CPU.ActiveCfg = Release|Any CPU
		{C42C483E-A38E-4F5B-85EE-5CCDE739EFA4}.Release|Any CPU.Build.0 = Release|Any CPU
		{459995CE-B9CE-4D19-BA7C-342B3AFE489E}.Debug|Any CPU.ActiveCfg = Debug|Any CPU
		{459995CE-B9CE-4D19-BA7C-342B3AFE489E}.Debug|Any CPU.Build.0 = Debug|Any CPU
		{459995CE-B9CE-4D19-BA7C-342B3AFE489E}.Release|Any CPU.ActiveCfg = Release|Any CPU
		{459995CE-B9CE-4D19-BA7C-342B3AFE489E}.Release|Any CPU.Build.0 = Release|Any CPU
		{AC7E85F1-91F8-4133-8914-22624366A3D2}.Debug|Any CPU.ActiveCfg = Debug|Any CPU
		{AC7E85F1-91F8-4133-8914-22624366A3D2}.Debug|Any CPU.Build.0 = Debug|Any CPU
		{AC7E85F1-91F8-4133-8914-22624366A3D2}.Release|Any CPU.ActiveCfg = Release|Any CPU
		{AC7E85F1-91F8-4133-8914-22624366A3D2}.Release|Any CPU.Build.0 = Release|Any CPU
		{B9992C00-C60D-40DD-B7E1-2F92CC960119}.Debug|Any CPU.ActiveCfg = Debug|Any CPU
		{B9992C00-C60D-40DD-B7E1-2F92CC960119}.Debug|Any CPU.Build.0 = Debug|Any CPU
		{B9992C00-C60D-40DD-B7E1-2F92CC960119}.Release|Any CPU.ActiveCfg = Release|Any CPU
		{B9992C00-C60D-40DD-B7E1-2F92CC960119}.Release|Any CPU.Build.0 = Release|Any CPU
		{1F802058-B63F-4C26-BCE5-D2A11D7C4D5E}.Debug|Any CPU.ActiveCfg = Debug|Any CPU
		{1F802058-B63F-4C26-BCE5-D2A11D7C4D5E}.Debug|Any CPU.Build.0 = Debug|Any CPU
		{1F802058-B63F-4C26-BCE5-D2A11D7C4D5E}.Release|Any CPU.ActiveCfg = Release|Any CPU
		{1F802058-B63F-4C26-BCE5-D2A11D7C4D5E}.Release|Any CPU.Build.0 = Release|Any CPU
		{3089D47B-32FF-45F6-A00E-52229555B8A6}.Debug|Any CPU.ActiveCfg = Debug|Any CPU
		{3089D47B-32FF-45F6-A00E-52229555B8A6}.Debug|Any CPU.Build.0 = Debug|Any CPU
		{3089D47B-32FF-45F6-A00E-52229555B8A6}.Release|Any CPU.ActiveCfg = Release|Any CPU
		{3089D47B-32FF-45F6-A00E-52229555B8A6}.Release|Any CPU.Build.0 = Release|Any CPU
		{6922362F-454C-4B42-B1DF-5C11B6C83355}.Debug|Any CPU.ActiveCfg = Debug|Any CPU
		{6922362F-454C-4B42-B1DF-5C11B6C83355}.Debug|Any CPU.Build.0 = Debug|Any CPU
		{6922362F-454C-4B42-B1DF-5C11B6C83355}.Release|Any CPU.ActiveCfg = Release|Any CPU
		{6922362F-454C-4B42-B1DF-5C11B6C83355}.Release|Any CPU.Build.0 = Release|Any CPU
		{2A548036-8D43-4E62-BBB5-3127EA74B28E}.Debug|Any CPU.ActiveCfg = Debug|Any CPU
		{2A548036-8D43-4E62-BBB5-3127EA74B28E}.Debug|Any CPU.Build.0 = Debug|Any CPU
		{2A548036-8D43-4E62-BBB5-3127EA74B28E}.Release|Any CPU.ActiveCfg = Release|Any CPU
		{2A548036-8D43-4E62-BBB5-3127EA74B28E}.Release|Any CPU.Build.0 = Release|Any CPU
	EndGlobalSection
	GlobalSection(SolutionProperties) = preSolution
		HideSolutionNode = FALSE
	EndGlobalSection
	GlobalSection(NestedProjects) = preSolution
		{21557EE7-8075-4B41-96C4-236AADB20830} = {02EA681E-C7D8-13C7-8484-4AC65E1B71E8}
		{870A9ACD-6F14-4B5C-A382-94E98BAB99A9} = {02EA681E-C7D8-13C7-8484-4AC65E1B71E8}
		{68F0440F-9BE7-4AF5-8C82-27D1797294E7} = {02EA681E-C7D8-13C7-8484-4AC65E1B71E8}
		{0F57FE7B-DE19-4DA6-96FC-546808E07D22} = {1779D31F-55A5-4341-94E9-ECB817A1DB16}
		{C42C483E-A38E-4F5B-85EE-5CCDE739EFA4} = {1779D31F-55A5-4341-94E9-ECB817A1DB16}
		{459995CE-B9CE-4D19-BA7C-342B3AFE489E} = {1779D31F-55A5-4341-94E9-ECB817A1DB16}
		{AC7E85F1-91F8-4133-8914-22624366A3D2} = {EF420114-F68A-45F7-8872-CDBB207D9AE7}
		{B9992C00-C60D-40DD-B7E1-2F92CC960119} = {EF420114-F68A-45F7-8872-CDBB207D9AE7}
		{1F802058-B63F-4C26-BCE5-D2A11D7C4D5E} = {EF420114-F68A-45F7-8872-CDBB207D9AE7}
		{3089D47B-32FF-45F6-A00E-52229555B8A6} = {976FF54A-46E7-4688-AB26-2E1E694F54DB}
		{6922362F-454C-4B42-B1DF-5C11B6C83355} = {976FF54A-46E7-4688-AB26-2E1E694F54DB}
		{2A548036-8D43-4E62-BBB5-3127EA74B28E} = {976FF54A-46E7-4688-AB26-2E1E694F54DB}
	EndGlobalSection
	GlobalSection(ExtensibilityGlobals) = postSolution
		SolutionGuid = {69B44D10-7613-4A23-839E-DCF3087DC792}
	EndGlobalSection
EndGlobal
